# This file is automatically @generated by Poetry 1.8.2 and should not be changed by hand.

[[package]]
name = "altgraph"
version = "0.17.4"
description = "Python graph (network) package"
optional = false
python-versions = "*"
files = [
    {file = "altgraph-0.17.4-py2.py3-none-any.whl", hash = "sha256:642743b4750de17e655e6711601b077bc6598dbfa3ba5fa2b2a35ce12b508dff"},
    {file = "altgraph-0.17.4.tar.gz", hash = "sha256:1b5afbb98f6c4dcadb2e2ae6ab9fa994bbb8c1d75f4fa96d340f9437ae454406"},
]

[[package]]
name = "cx-freeze"
version = "7.2.3"
description = "Create standalone executables from Python scripts"
optional = false
python-versions = ">=3.8"
files = [
    {file = "cx_Freeze-7.2.3-cp310-cp310-macosx_10_9_x86_64.whl", hash = "sha256:8cc41b1bc6f7bef4499dbd715f6a8c5da5eb8fb2b000c7b810699bcb78b44a90"},
    {file = "cx_Freeze-7.2.3-cp310-cp310-manylinux_2_17_aarch64.manylinux2014_aarch64.whl", hash = "sha256:1af5a569d9f5095a3853a2121a8fbfc269090adb9e19c6364a8bd0d5733be9e4"},
    {file = "cx_Freeze-7.2.3-cp310-cp310-manylinux_2_17_ppc64le.manylinux2014_ppc64le.whl", hash = "sha256:d39c6f85c97abd6a2162665c1b95a6e1b73a902b50427522e85a933ecdce53a2"},
    {file = "cx_Freeze-7.2.3-cp310-cp310-manylinux_2_17_x86_64.manylinux2014_x86_64.whl", hash = "sha256:2f9800c70e5391854eaceca7793f44f713e658d61c406385e87716f23472bfd5"},
    {file = "cx_Freeze-7.2.3-cp310-cp310-musllinux_1_2_aarch64.whl", hash = "sha256:247078ba05f6d0bd50881df9807c636b62bc3ddcdf7dd92b861e0c58c36e3d1b"},
    {file = "cx_Freeze-7.2.3-cp310-cp310-musllinux_1_2_ppc64le.whl", hash = "sha256:ca7f7f605fa8c9f6d7c278a17ae9411c669bb2035cae4c2752c947298dd1cb8b"},
    {file = "cx_Freeze-7.2.3-cp310-cp310-musllinux_1_2_x86_64.whl", hash = "sha256:06fae3eb6efd8030ca0176c72a05f05ba7c471e661113fed4c59e70d2f6d55e8"},
    {file = "cx_Freeze-7.2.3-cp310-cp310-win32.whl", hash = "sha256:1d4e85a862acf7a27a24bd749707fa4d0faedf12fef07f509755f34d33560610"},
    {file = "cx_Freeze-7.2.3-cp310-cp310-win_amd64.whl", hash = "sha256:91fa02eaac255b8704ec17c6791a53abe9ee49c87e630dd4492aa6fa67261891"},
    {file = "cx_Freeze-7.2.3-cp311-cp311-macosx_10_9_universal2.whl", hash = "sha256:96e03d22665cc659712ee7b73440f4aeb9d5fd69b4d7ae257b83de8c8ab9b31e"},
    {file = "cx_Freeze-7.2.3-cp311-cp311-macosx_10_9_x86_64.whl", hash = "sha256:2c2427a3d64c2c9e8dc46198a3f462273d106ba9052e6d8e673c4cbf605348e7"},
    {file = "cx_Freeze-7.2.3-cp311-cp311-macosx_11_0_arm64.whl", hash = "sha256:296989144250c121bdf056a936f40ddaf78c4a7b4bb90d18d5f003cd5b561fff"},
    {file = "cx_Freeze-7.2.3-cp311-cp311-manylinux_2_17_aarch64.manylinux2014_aarch64.whl", hash = "sha256:e4aaf33e9af163400f24c019dd279b0fd7ed7a922dbab7062009c00fbe3d4007"},
    {file = "cx_Freeze-7.2.3-cp311-cp311-manylinux_2_17_ppc64le.manylinux2014_ppc64le.whl", hash = "sha256:0694b2a61a8145766b59f1165f79c42ce60712c7486a5a8077bae3a2261ea21d"},
    {file = "cx_Freeze-7.2.3-cp311-cp311-manylinux_2_17_x86_64.manylinux2014_x86_64.whl", hash = "sha256:e580a82a22bfcf2acedeed7e5f7ea3755fa659ddb54737285c83798abea3edff"},
    {file = "cx_Freeze-7.2.3-cp311-cp311-musllinux_1_2_aarch64.whl", hash = "sha256:bcebf4b24f43e2f214125f553e2f49e9d8acf171b4d8c2b77fa27ddda4b82886"},
    {file = "cx_Freeze-7.2.3-cp311-cp311-musllinux_1_2_ppc64le.whl", hash = "sha256:678fc3a37d02425529910fd12a709f708ffc09ed20778d59a1132073e21239a7"},
    {file = "cx_Freeze-7.2.3-cp311-cp311-musllinux_1_2_x86_64.whl", hash = "sha256:53c4831340690b73f84a38befb592304053d14a4bbd0a1365305851fbdbb6580"},
    {file = "cx_Freeze-7.2.3-cp311-cp311-win32.whl", hash = "sha256:e939005d498693e12d473e34cdfef17b1b41e75743982916c80ab051d32f1804"},
    {file = "cx_Freeze-7.2.3-cp311-cp311-win_amd64.whl", hash = "sha256:7e8bb28c0b9b37736c2f578f03cbdd788b9a1371a5a6582b5172843702cb01ac"},
    {file = "cx_Freeze-7.2.3-cp312-cp312-macosx_10_13_universal2.whl", hash = "sha256:221f8be011ba695c185a5f1cad815eee69297a06916454dba3326a641f288f5e"},
    {file = "cx_Freeze-7.2.3-cp312-cp312-macosx_10_13_x86_64.whl", hash = "sha256:b31929ab6c371cb42508ebbba134de4b59092471db555b840d04d409c57694ce"},
    {file = "cx_Freeze-7.2.3-cp312-cp312-macosx_11_0_arm64.whl", hash = "sha256:c39e7489a7271fe31854d3a04bb749ec0e71180bc851b5a481385be1690a7183"},
    {file = "cx_Freeze-7.2.3-cp312-cp312-manylinux_2_17_aarch64.manylinux2014_aarch64.whl", hash = "sha256:3b21722225566b698a31509c422272dd983641029422f6c9d54e6e2b04b4cd3c"},
    {file = "cx_Freeze-7.2.3-cp312-cp312-manylinux_2_17_ppc64le.manylinux2014_ppc64le.whl", hash = "sha256:bdb1bbfcd437f70292973bf883eb4d2c4c129f8e4cb77bc5a9b42d2664ab395c"},
    {file = "cx_Freeze-7.2.3-cp312-cp312-manylinux_2_17_x86_64.manylinux2014_x86_64.whl", hash = "sha256:0ea60e7aa9b2c14cf266fd53a182ac6af09c8ade808bc8fe58b05405478d968c"},
    {file = "cx_Freeze-7.2.3-cp312-cp312-musllinux_1_2_aarch64.whl", hash = "sha256:1d3bc908f32aa9f35f2388daa33610aef4957aa6967a8bd2f5d88c00a86c3521"},
    {file = "cx_Freeze-7.2.3-cp312-cp312-musllinux_1_2_ppc64le.whl", hash = "sha256:45648653197165ed15a204f62d247fb725b320dc2cad487a9255df21b3cf58fc"},
    {file = "cx_Freeze-7.2.3-cp312-cp312-musllinux_1_2_x86_64.whl", hash = "sha256:3af2d078fcd28fb7e6d1078c52a063cdddd5abec1ccda0d39dc2a521f2172225"},
    {file = "cx_Freeze-7.2.3-cp312-cp312-win32.whl", hash = "sha256:dcb05bba886e301b53bbe028333e82f1d9d881a08a3a726785eb1323ccb6a84d"},
    {file = "cx_Freeze-7.2.3-cp312-cp312-win_amd64.whl", hash = "sha256:eee33e40d294b5c4f3c4ef4e8c43ea36bdb9568e43068e08a336be47ce45f1c8"},
    {file = "cx_Freeze-7.2.3-cp38-cp38-macosx_10_9_x86_64.whl", hash = "sha256:8b2bbea0019742cc9f1bd636aa342eb14a252360d3aede46806cdc4251ce0130"},
    {file = "cx_Freeze-7.2.3-cp38-cp38-manylinux_2_17_x86_64.manylinux2014_x86_64.whl", hash = "sha256:0fa4282c45afeefdf7781538b3e30a198ca94570312767f8281f458d53c0c43b"},
    {file = "cx_Freeze-7.2.3-cp38-cp38-musllinux_1_2_x86_64.whl", hash = "sha256:9c6e9c01faa766f47ab5f0ee5ebe1a0dc5a3ab587140ef97a0c72d10e7dfec6f"},
    {file = "cx_Freeze-7.2.3-cp38-cp38-win32.whl", hash = "sha256:78f5d8a0c153932857c59227c41083bfac3f4087368cbbf71afd67a715ccae71"},
    {file = "cx_Freeze-7.2.3-cp38-cp38-win_amd64.whl", hash = "sha256:1ebc9e6f0b12db0c068cde2cae0394e2c7df128359b6e19f8d00472bb8812825"},
    {file = "cx_Freeze-7.2.3-cp39-cp39-macosx_10_9_x86_64.whl", hash = "sha256:72d63d769ccbdeca523ebf623fa3a03aa158c5ebc942302bad717d1ef70ead90"},
    {file = "cx_Freeze-7.2.3-cp39-cp39-manylinux_2_17_x86_64.manylinux2014_x86_64.whl", hash = "sha256:eede24279d97ab31c5f06e824bab23b74dad470e421e97266ac1c086ce587536"},
    {file = "cx_Freeze-7.2.3-cp39-cp39-musllinux_1_2_x86_64.whl", hash = "sha256:50e98be33f610fbd004f8d252d501ef2ed9bf3d1e2a59ec38368a3d99628c855"},
    {file = "cx_Freeze-7.2.3-cp39-cp39-win32.whl", hash = "sha256:75d5cadeb4f334bd9a5ae5a8ebd192b69ab3e5846f41ea38f4e7f21c0e906c1e"},
    {file = "cx_Freeze-7.2.3-cp39-cp39-win_amd64.whl", hash = "sha256:ebc8caa5c8c37e2f60b6433b347064dce16241035c8f63acbeb84d146759b95c"},
    {file = "cx_freeze-7.2.3.tar.gz", hash = "sha256:a514a30aaaeb2d4873c5956c328b69b851246bff34525d10937ab585c86d9f4a"},
]

[package.dependencies]
cx-Logging = {version = ">=3.1", markers = "sys_platform == \"win32\""}
dmgbuild = {version = ">=1.6.1", markers = "sys_platform == \"darwin\""}
filelock = {version = ">=3.12.3", markers = "sys_platform == \"linux\""}
lief = {version = ">=0.12.0,<0.16.0", markers = "sys_platform == \"win32\""}
packaging = ">=24"
patchelf = {version = ">=0.14", markers = "sys_platform == \"linux\" and (platform_machine == \"aarch64\" or platform_machine == \"armv7l\" or platform_machine == \"i686\" or platform_machine == \"ppc64le\" or platform_machine == \"s390x\" or platform_machine == \"x86_64\")"}
setuptools = ">=65.6.3,<76"

[package.extras]
dev = ["bump-my-version (==0.26.1)", "cibuildwheel (==2.21.1)", "pre-commit (>=3.5.0,<=3.8.0)"]
doc = ["furo (==2024.8.6)", "myst-parser (>=3.0.1,<=4.0.0)", "sphinx (>=7.1.2,<8)", "sphinx-new-tab-link (==0.6.0)", "sphinx-tabs (==3.4.5)"]
test = ["coverage (==7.6.1)", "pluggy (==1.5.0)", "pytest (==8.3.3)", "pytest-cov (==5.0.0)", "pytest-datafiles (==3.0.0)", "pytest-mock (==3.14.0)", "pytest-timeout (==2.3.1)", "pytest-xdist[psutil] (==3.6.1)"]

[[package]]
name = "cx-logging"
version = "3.2.1"
description = "Python and C interfaces for logging"
optional = false
python-versions = ">=3.9"
files = [
    {file = "cx_Logging-3.2.1-cp310-cp310-manylinux_2_17_aarch64.manylinux2014_aarch64.whl", hash = "sha256:e03e6ab69b7782b30eff481cabdb12b4f4693b684c8954af773b523e64f6211b"},
    {file = "cx_Logging-3.2.1-cp310-cp310-manylinux_2_17_x86_64.manylinux2014_x86_64.whl", hash = "sha256:710ca06a6cdd56a7c8e866c70e0a4dc92453e7000355b8dca07dac008ca57b6e"},
    {file = "cx_Logging-3.2.1-cp310-cp310-win32.whl", hash = "sha256:4fb0d7c6dc9a8c403e4c62a3be87301946102d036fbe7bd66c6851225ac05a2e"},
    {file = "cx_Logging-3.2.1-cp310-cp310-win_amd64.whl", hash = "sha256:42f48fae8254b6de27710b6bfd34467fde88072d5961f67e88914d7e2bb6c13e"},
    {file = "cx_Logging-3.2.1-cp311-cp311-manylinux_2_17_aarch64.manylinux2014_aarch64.whl", hash = "sha256:f27755fbed447fc78f5e2aaf9aa2e75fd699ce0cd6e01649edd36eebe4db26e9"},
    {file = "cx_Logging-3.2.1-cp311-cp311-manylinux_2_17_x86_64.manylinux2014_x86_64.whl", hash = "sha256:1ad36493c59f452709813d8b5b34164aae7c576445e9d5758ce4dfe1ea2561ed"},
    {file = "cx_Logging-3.2.1-cp311-cp311-win32.whl", hash = "sha256:ef526f0ddeba8611942ee76f2117cebb6319a2413b4077c2c1bf0947a61b9148"},
    {file = "cx_Logging-3.2.1-cp311-cp311-win_amd64.whl", hash = "sha256:4f6366871aa70439c4e3c25c3bb3dd70e8ee98bc190fd30862d7b199948b26f8"},
    {file = "cx_Logging-3.2.1-cp312-cp312-manylinux_2_17_aarch64.manylinux2014_aarch64.whl", hash = "sha256:c2bab892db2b1c18aaea2bc3dec001a73274fc4496c2c6d749144f179a8e2041"},
    {file = "cx_Logging-3.2.1-cp312-cp312-manylinux_2_17_x86_64.manylinux2014_x86_64.whl", hash = "sha256:800ce5a99a40f091b3671f9e174a6695e4cc30193b3b1aafb7f4712459ec080c"},
    {file = "cx_Logging-3.2.1-cp312-cp312-win32.whl", hash = "sha256:3f3de06cf09d5986b39e930c213567c340b3237dfce03d8d3bf6099475eaa02e"},
    {file = "cx_Logging-3.2.1-cp312-cp312-win_amd64.whl", hash = "sha256:3452add0544db6ff29116b72a4c48761aaffa9b638728330433853c0c4ad2ea1"},
    {file = "cx_Logging-3.2.1-cp313-cp313-manylinux_2_17_aarch64.manylinux2014_aarch64.whl", hash = "sha256:15e9eee263168f2015cbc7e921775d6f08db15b127c3c48b23080ec190f2bc66"},
    {file = "cx_Logging-3.2.1-cp313-cp313-manylinux_2_17_x86_64.manylinux2014_x86_64.whl", hash = "sha256:9418ca19ef435865815f3c60f60412993cf6823fe99882c9c8adeaaabe61ea07"},
    {file = "cx_Logging-3.2.1-cp313-cp313-win32.whl", hash = "sha256:330a29030bdca8795c99b678b4f6d87a75fb606eed1da206fdd9fa579a33dc21"},
    {file = "cx_Logging-3.2.1-cp313-cp313-win_amd64.whl", hash = "sha256:e14748b031522a95aa2db4adfc5f2be5f96f4d0fe687da591114f73a09e66926"},
    {file = "cx_Logging-3.2.1-cp39-cp39-manylinux_2_17_aarch64.manylinux2014_aarch64.whl", hash = "sha256:d57d9633671be935b83be86c43309f261fbe8ea5da704d96756999ede727f1e9"},
    {file = "cx_Logging-3.2.1-cp39-cp39-manylinux_2_17_x86_64.manylinux2014_x86_64.whl", hash = "sha256:12b37b33478a37c34cf5afa976ccf5bc441f13781f60f0dd206a4ab63cccf24a"},
    {file = "cx_Logging-3.2.1-cp39-cp39-win32.whl", hash = "sha256:8f4d60a1a1508e88f2dab78494a1a8fd417ce335f94c01b0d443560cf8838115"},
    {file = "cx_Logging-3.2.1-cp39-cp39-win_amd64.whl", hash = "sha256:26b707221077119606195fc14a65df2f21bd7bea78b383528ae8df4ea4298246"},
    {file = "cx_logging-3.2.1.tar.gz", hash = "sha256:812665ae5012680a6fe47095c3772bce638e47cf05b2c3483db3bdbe6b06da44"},
]

[[package]]
name = "dmgbuild"
version = "1.6.2"
description = "macOS command line utility to build disk images"
optional = false
python-versions = ">=3.8"
files = [
    {file = "dmgbuild-1.6.2-py3-none-any.whl", hash = "sha256:f78200b992027ccd2aa63872ed6ed11464e9149249303b8eee477e65280993d1"},
    {file = "dmgbuild-1.6.2.tar.gz", hash = "sha256:dba01d29f10c6804f2d72301600ddd03724daa41cd21a95409c44a3e199b19aa"},
]

[package.dependencies]
ds-store = ">=1.1.0"
mac-alias = ">=2.0.1"

[package.extras]
dev = ["coverage (==7.6.0)", "pre-commit (==3.5.0)", "pre-commit (==3.8.0)", "pytest (==8.3.2)", "pytest-cov (==5.0.0)", "tox (==4.16.0)"]
docs = ["sphinx (==7.1.2)", "sphinx (==7.4.7)", "sphinx-autobuild (==2021.3.14)", "sphinx-autobuild (==2024.4.16)", "sphinx-rtd-theme (==2.0.0)"]

[[package]]
name = "ds-store"
version = "1.3.1"
description = "Manipulate Finder .DS_Store files from Python"
optional = false
python-versions = ">=3.7"
files = [
    {file = "ds_store-1.3.1-py3-none-any.whl", hash = "sha256:fbacbb0bd5193ab3e66e5a47fff63619f15e374ffbec8ae29744251a6c8f05b5"},
    {file = "ds_store-1.3.1.tar.gz", hash = "sha256:c27d413caf13c19acb85d75da4752673f1f38267f9eb6ba81b3b5aa99c2d207c"},
]

[package.dependencies]
mac-alias = ">=2.0.1"

[package.extras]
dev = ["pre-commit", "tox"]
docs = ["sphinx", "sphinx-autobuild", "sphinx-rtd-theme"]
test = ["pytest", "pytest-cov", "pytest-tldr"]

[[package]]
name = "filelock"
version = "3.16.1"
description = "A platform independent file lock."
optional = false
python-versions = ">=3.8"
files = [
    {file = "filelock-3.16.1-py3-none-any.whl", hash = "sha256:2082e5703d51fbf98ea75855d9d5527e33d8ff23099bec374a134febee6946b0"},
    {file = "filelock-3.16.1.tar.gz", hash = "sha256:c249fbfcd5db47e5e2d6d62198e565475ee65e4831e2561c8e313fa7eb961435"},
]

[package.extras]
docs = ["furo (>=2024.8.6)", "sphinx (>=8.0.2)", "sphinx-autodoc-typehints (>=2.4.1)"]
testing = ["covdefaults (>=2.3)", "coverage (>=7.6.1)", "diff-cover (>=9.2)", "pytest (>=8.3.3)", "pytest-asyncio (>=0.24)", "pytest-cov (>=5)", "pytest-mock (>=3.14)", "pytest-timeout (>=2.3.1)", "virtualenv (>=20.26.4)"]
typing = ["typing-extensions (>=4.12.2)"]

[[package]]
name = "lief"
version = "0.15.1"
description = "Library to instrument executable formats"
optional = false
python-versions = ">=3.8"
files = [
    {file = "lief-0.15.1-cp310-cp310-macosx_11_0_arm64.whl", hash = "sha256:a80246b96501b2b1d4927ceb3cb817eda9333ffa9e07101358929a6cffca5dae"},
    {file = "lief-0.15.1-cp310-cp310-macosx_11_0_x86_64.whl", hash = "sha256:84bf310710369544e2bb82f83d7fdab5b5ac422651184fde8bf9e35f14439691"},
    {file = "lief-0.15.1-cp310-cp310-manylinux_2_28_x86_64.whl", hash = "sha256:8fb58efb77358291109d2675d5459399c0794475b497992d0ecee18a4a46a207"},
    {file = "lief-0.15.1-cp310-cp310-manylinux_2_33_aarch64.whl", hash = "sha256:d5852a246361bbefa4c1d5930741765a2337638d65cfe30de1b7d61f9a54b865"},
    {file = "lief-0.15.1-cp310-cp310-musllinux_1_2_x86_64.whl", hash = "sha256:12e53dc0253c303df386ae45487a2f0078026602b36d0e09e838ae1d4dbef958"},
    {file = "lief-0.15.1-cp310-cp310-win32.whl", hash = "sha256:38b9cee48f42c355359ad7e3ff18bf1ec95e518238e4e8fb25657a49169dbf4c"},
    {file = "lief-0.15.1-cp310-cp310-win_amd64.whl", hash = "sha256:ddf2ebd73766169594d631b35f84c49ef42871de552ad49f36002c60164d0aca"},
    {file = "lief-0.15.1-cp311-cp311-macosx_11_0_arm64.whl", hash = "sha256:20508c52de0dffcee3242253541609590167a3e56150cbacb506fdbb822206ef"},
    {file = "lief-0.15.1-cp311-cp311-macosx_11_0_x86_64.whl", hash = "sha256:0750c892fd3b7161a3c2279f25fe1844427610c3a5a4ae23f65674ced6f93ea5"},
    {file = "lief-0.15.1-cp311-cp311-manylinux_2_28_x86_64.whl", hash = "sha256:a8634ea79d6d9862297fadce025519ab25ff01fcadb333cf42967c6295f0d057"},
    {file = "lief-0.15.1-cp311-cp311-manylinux_2_33_aarch64.whl", hash = "sha256:1e11e046ad71fe8c81e1a8d1d207fe2b99c967d33ce79c3d3915cb8f5ecacf52"},
    {file = "lief-0.15.1-cp311-cp311-musllinux_1_2_x86_64.whl", hash = "sha256:674b620cdf1d686f52450fd97c1056d4c92e55af8217ce85a1b2efaf5b32140b"},
    {file = "lief-0.15.1-cp311-cp311-win32.whl", hash = "sha256:dbdcd70fd23c90017705b7fe6c716f0a69c01d0d0ea7a2ff653d83dc4a61fefb"},
    {file = "lief-0.15.1-cp311-cp311-win_amd64.whl", hash = "sha256:e9b96a37bf11ca777ff305d85d957eabad2a92a6e577b6e2fb3ab79514e5a12e"},
    {file = "lief-0.15.1-cp312-cp312-macosx_11_0_arm64.whl", hash = "sha256:1a96f17c2085ef38d12ad81427ae8a5d6ad76f0bc62a1e1f5fe384255cd2cc94"},
    {file = "lief-0.15.1-cp312-cp312-macosx_11_0_x86_64.whl", hash = "sha256:d780af1762022b8e01b613253af490afea3864fbd6b5a49c6de7cea8fde0443d"},
    {file = "lief-0.15.1-cp312-cp312-manylinux_2_28_x86_64.whl", hash = "sha256:d0f10d80202de9634a16786b53ba3a8f54ae8b9a9e124a964d83212444486087"},
    {file = "lief-0.15.1-cp312-cp312-manylinux_2_33_aarch64.whl", hash = "sha256:864f17ecf1736296e6d5fc38b11983f9d19a5e799f094e21e20d58bfb1b95b80"},
    {file = "lief-0.15.1-cp312-cp312-musllinux_1_2_x86_64.whl", hash = "sha256:c2ec738bcafee8a569741f4a749f0596823b12f10713306c7d0cbbf85759f51c"},
    {file = "lief-0.15.1-cp312-cp312-win32.whl", hash = "sha256:db38619edf70e27fb3686b8c0f0bec63ad494ac88ab51660c5ecd2720b506e41"},
    {file = "lief-0.15.1-cp312-cp312-win_amd64.whl", hash = "sha256:28bf0922de5fb74502a29cc47930d3a052df58dc23ab6519fa590e564f194a60"},
    {file = "lief-0.15.1-cp313-cp313-manylinux_2_28_x86_64.whl", hash = "sha256:0616e6048f269d262ff93d67c497ebff3c1d3965ffb9427b0f2b474764fd2e8c"},
    {file = "lief-0.15.1-cp313-cp313-manylinux_2_33_aarch64.whl", hash = "sha256:6a08b2e512a80040429febddc777768c949bcd53f6f580e902e41ec0d9d936b8"},
    {file = "lief-0.15.1-cp313-cp313-musllinux_1_2_x86_64.whl", hash = "sha256:fcd489ff80860bcc2b2689faa330a46b6d66f0ee3e0f6ef9e643e2b996128a06"},
    {file = "lief-0.15.1-cp313-cp313-win32.whl", hash = "sha256:0d10e5b22e86bbf2d1e3877b604ffd8860c852b6bc00fca681fe1432f5018fe9"},
    {file = "lief-0.15.1-cp313-cp313-win_amd64.whl", hash = "sha256:5af7dcb9c3f44baaf60875df6ba9af6777db94776cc577ee86143bcce105ba2f"},
    {file = "lief-0.15.1-cp38-cp38-macosx_11_0_arm64.whl", hash = "sha256:f9757ff0c7c3d6f66e5fdcc6a9df69680fad0dc2707d64a3428f0825dfce1a85"},
    {file = "lief-0.15.1-cp38-cp38-macosx_11_0_x86_64.whl", hash = "sha256:8ac3cd099be2580d0e15150b1d2f5095c38f150af89993ddf390d7897ee8135f"},
    {file = "lief-0.15.1-cp38-cp38-manylinux_2_28_x86_64.whl", hash = "sha256:4dedeab498c312a29b58f16b739895f65fa54b2a21b8d98b111e99ad3f7e30a8"},
    {file = "lief-0.15.1-cp38-cp38-manylinux_2_33_aarch64.whl", hash = "sha256:b9217578f7a45f667503b271da8481207fb4edda8d4a53e869fb922df6030484"},
    {file = "lief-0.15.1-cp38-cp38-musllinux_1_2_x86_64.whl", hash = "sha256:82e6308ad8bd4bc7eadee3502ede13a5bb398725f25513a0396c8dba850f58a1"},
    {file = "lief-0.15.1-cp38-cp38-win32.whl", hash = "sha256:dde1c8f8ebe0ee9db4f2302c87ae3cacb9898dc412e0d7da07a8e4e834ac5158"},
    {file = "lief-0.15.1-cp38-cp38-win_amd64.whl", hash = "sha256:a079a76bca23aa73c850ab5beb7598871a1bf44662658b952cead2b5ddd31bee"},
    {file = "lief-0.15.1-cp39-cp39-macosx_11_0_arm64.whl", hash = "sha256:785a3aa14575f046ed9c8d44ea222ea14c697cd03b5331d1717b5b0cf4f72466"},
    {file = "lief-0.15.1-cp39-cp39-macosx_11_0_x86_64.whl", hash = "sha256:d7044553cf07c8a2ab6e21874f07585610d996ff911b9af71dc6085a89f59daa"},
    {file = "lief-0.15.1-cp39-cp39-manylinux_2_28_x86_64.whl", hash = "sha256:13285c3ff5ef6de2421d85684c954905af909db0ad3472e33c475e5f0f657dcf"},
    {file = "lief-0.15.1-cp39-cp39-manylinux_2_33_aarch64.whl", hash = "sha256:932f880ee8a130d663a97a9099516d8570b1b303af7816e70a02f9931d5ef4c2"},
    {file = "lief-0.15.1-cp39-cp39-musllinux_1_2_x86_64.whl", hash = "sha256:de9453f94866e0f2c36b6bd878625880080e7e5800788f5cbc06a76debf283b9"},
    {file = "lief-0.15.1-cp39-cp39-win32.whl", hash = "sha256:4e47324736d6aa559421720758de4ce12d04fb56bdffa3dcc051fe8cdd42ed17"},
    {file = "lief-0.15.1-cp39-cp39-win_amd64.whl", hash = "sha256:382a189514c0e6ebfb41e0db6106936c7ba94d8400651276add2899ff3570585"},
]

[[package]]
name = "mac-alias"
version = "2.2.2"
description = "Generate/parse Mac OS Alias records from Python"
optional = false
python-versions = ">=3.7"
files = [
    {file = "mac_alias-2.2.2-py3-none-any.whl", hash = "sha256:504ab8ac546f35bbd75ad014d6ad977c426660aa721f2cd3acf3dc2f664141bd"},
    {file = "mac_alias-2.2.2.tar.gz", hash = "sha256:c99c728eb512e955c11f1a6203a0ffa8883b26549e8afe68804031aa5da856b7"},
]

[package.extras]
dev = ["pre-commit", "tox"]
docs = ["sphinx", "sphinx-autobuild", "sphinx-rtd-theme"]
test = ["pytest", "pytest-cov", "pytest-tldr"]

[[package]]
name = "macholib"
version = "1.16.3"
description = "Mach-O header analysis and editing"
optional = false
python-versions = "*"
files = [
    {file = "macholib-1.16.3-py2.py3-none-any.whl", hash = "sha256:0e315d7583d38b8c77e815b1ecbdbf504a8258d8b3e17b61165c6feb60d18f2c"},
    {file = "macholib-1.16.3.tar.gz", hash = "sha256:07ae9e15e8e4cd9a788013d81f5908b3609aa76f9b1421bae9c4d7606ec86a30"},
]

[package.dependencies]
altgraph = ">=0.17"

[[package]]
name = "numpy"
version = "2.1.2"
description = "Fundamental package for array computing in Python"
optional = false
python-versions = ">=3.10"
files = [
    {file = "numpy-2.1.2-cp310-cp310-macosx_10_9_x86_64.whl", hash = "sha256:30d53720b726ec36a7f88dc873f0eec8447fbc93d93a8f079dfac2629598d6ee"},
    {file = "numpy-2.1.2-cp310-cp310-macosx_11_0_arm64.whl", hash = "sha256:e8d3ca0a72dd8846eb6f7dfe8f19088060fcb76931ed592d29128e0219652884"},
    {file = "numpy-2.1.2-cp310-cp310-macosx_14_0_arm64.whl", hash = "sha256:fc44e3c68ff00fd991b59092a54350e6e4911152682b4782f68070985aa9e648"},
    {file = "numpy-2.1.2-cp310-cp310-macosx_14_0_x86_64.whl", hash = "sha256:7c1c60328bd964b53f8b835df69ae8198659e2b9302ff9ebb7de4e5a5994db3d"},
    {file = "numpy-2.1.2-cp310-cp310-manylinux_2_17_aarch64.manylinux2014_aarch64.whl", hash = "sha256:6cdb606a7478f9ad91c6283e238544451e3a95f30fb5467fbf715964341a8a86"},
    {file = "numpy-2.1.2-cp310-cp310-manylinux_2_17_x86_64.manylinux2014_x86_64.whl", hash = "sha256:d666cb72687559689e9906197e3bec7b736764df6a2e58ee265e360663e9baf7"},
    {file = "numpy-2.1.2-cp310-cp310-musllinux_1_1_x86_64.whl", hash = "sha256:c6eef7a2dbd0abfb0d9eaf78b73017dbfd0b54051102ff4e6a7b2980d5ac1a03"},
    {file = "numpy-2.1.2-cp310-cp310-musllinux_1_2_aarch64.whl", hash = "sha256:12edb90831ff481f7ef5f6bc6431a9d74dc0e5ff401559a71e5e4611d4f2d466"},
    {file = "numpy-2.1.2-cp310-cp310-win32.whl", hash = "sha256:a65acfdb9c6ebb8368490dbafe83c03c7e277b37e6857f0caeadbbc56e12f4fb"},
    {file = "numpy-2.1.2-cp310-cp310-win_amd64.whl", hash = "sha256:860ec6e63e2c5c2ee5e9121808145c7bf86c96cca9ad396c0bd3e0f2798ccbe2"},
    {file = "numpy-2.1.2-cp311-cp311-macosx_10_9_x86_64.whl", hash = "sha256:b42a1a511c81cc78cbc4539675713bbcf9d9c3913386243ceff0e9429ca892fe"},
    {file = "numpy-2.1.2-cp311-cp311-macosx_11_0_arm64.whl", hash = "sha256:faa88bc527d0f097abdc2c663cddf37c05a1c2f113716601555249805cf573f1"},
    {file = "numpy-2.1.2-cp311-cp311-macosx_14_0_arm64.whl", hash = "sha256:c82af4b2ddd2ee72d1fc0c6695048d457e00b3582ccde72d8a1c991b808bb20f"},
    {file = "numpy-2.1.2-cp311-cp311-macosx_14_0_x86_64.whl", hash = "sha256:13602b3174432a35b16c4cfb5de9a12d229727c3dd47a6ce35111f2ebdf66ff4"},
    {file = "numpy-2.1.2-cp311-cp311-manylinux_2_17_aarch64.manylinux2014_aarch64.whl", hash = "sha256:1ebec5fd716c5a5b3d8dfcc439be82a8407b7b24b230d0ad28a81b61c2f4659a"},
    {file = "numpy-2.1.2-cp311-cp311-manylinux_2_17_x86_64.manylinux2014_x86_64.whl", hash = "sha256:e2b49c3c0804e8ecb05d59af8386ec2f74877f7ca8fd9c1e00be2672e4d399b1"},
    {file = "numpy-2.1.2-cp311-cp311-musllinux_1_1_x86_64.whl", hash = "sha256:2cbba4b30bf31ddbe97f1c7205ef976909a93a66bb1583e983adbd155ba72ac2"},
    {file = "numpy-2.1.2-cp311-cp311-musllinux_1_2_aarch64.whl", hash = "sha256:8e00ea6fc82e8a804433d3e9cedaa1051a1422cb6e443011590c14d2dea59146"},
    {file = "numpy-2.1.2-cp311-cp311-win32.whl", hash = "sha256:5006b13a06e0b38d561fab5ccc37581f23c9511879be7693bd33c7cd15ca227c"},
    {file = "numpy-2.1.2-cp311-cp311-win_amd64.whl", hash = "sha256:f1eb068ead09f4994dec71c24b2844f1e4e4e013b9629f812f292f04bd1510d9"},
    {file = "numpy-2.1.2-cp312-cp312-macosx_10_13_x86_64.whl", hash = "sha256:d7bf0a4f9f15b32b5ba53147369e94296f5fffb783db5aacc1be15b4bf72f43b"},
    {file = "numpy-2.1.2-cp312-cp312-macosx_11_0_arm64.whl", hash = "sha256:b1d0fcae4f0949f215d4632be684a539859b295e2d0cb14f78ec231915d644db"},
    {file = "numpy-2.1.2-cp312-cp312-macosx_14_0_arm64.whl", hash = "sha256:f751ed0a2f250541e19dfca9f1eafa31a392c71c832b6bb9e113b10d050cb0f1"},
    {file = "numpy-2.1.2-cp312-cp312-macosx_14_0_x86_64.whl", hash = "sha256:bd33f82e95ba7ad632bc57837ee99dba3d7e006536200c4e9124089e1bf42426"},
    {file = "numpy-2.1.2-cp312-cp312-manylinux_2_17_aarch64.manylinux2014_aarch64.whl", hash = "sha256:1b8cde4f11f0a975d1fd59373b32e2f5a562ade7cde4f85b7137f3de8fbb29a0"},
    {file = "numpy-2.1.2-cp312-cp312-manylinux_2_17_x86_64.manylinux2014_x86_64.whl", hash = "sha256:6d95f286b8244b3649b477ac066c6906fbb2905f8ac19b170e2175d3d799f4df"},
    {file = "numpy-2.1.2-cp312-cp312-musllinux_1_1_x86_64.whl", hash = "sha256:ab4754d432e3ac42d33a269c8567413bdb541689b02d93788af4131018cbf366"},
    {file = "numpy-2.1.2-cp312-cp312-musllinux_1_2_aarch64.whl", hash = "sha256:e585c8ae871fd38ac50598f4763d73ec5497b0de9a0ab4ef5b69f01c6a046142"},
    {file = "numpy-2.1.2-cp312-cp312-win32.whl", hash = "sha256:9c6c754df29ce6a89ed23afb25550d1c2d5fdb9901d9c67a16e0b16eaf7e2550"},
    {file = "numpy-2.1.2-cp312-cp312-win_amd64.whl", hash = "sha256:456e3b11cb79ac9946c822a56346ec80275eaf2950314b249b512896c0d2505e"},
    {file = "numpy-2.1.2-cp313-cp313-macosx_10_13_x86_64.whl", hash = "sha256:a84498e0d0a1174f2b3ed769b67b656aa5460c92c9554039e11f20a05650f00d"},
    {file = "numpy-2.1.2-cp313-cp313-macosx_11_0_arm64.whl", hash = "sha256:4d6ec0d4222e8ffdab1744da2560f07856421b367928026fb540e1945f2eeeaf"},
    {file = "numpy-2.1.2-cp313-cp313-macosx_14_0_arm64.whl", hash = "sha256:259ec80d54999cc34cd1eb8ded513cb053c3bf4829152a2e00de2371bd406f5e"},
    {file = "numpy-2.1.2-cp313-cp313-macosx_14_0_x86_64.whl", hash = "sha256:675c741d4739af2dc20cd6c6a5c4b7355c728167845e3c6b0e824e4e5d36a6c3"},
    {file = "numpy-2.1.2-cp313-cp313-manylinux_2_17_aarch64.manylinux2014_aarch64.whl", hash = "sha256:05b2d4e667895cc55e3ff2b56077e4c8a5604361fc21a042845ea3ad67465aa8"},
    {file = "numpy-2.1.2-cp313-cp313-manylinux_2_17_x86_64.manylinux2014_x86_64.whl", hash = "sha256:43cca367bf94a14aca50b89e9bc2061683116cfe864e56740e083392f533ce7a"},
    {file = "numpy-2.1.2-cp313-cp313-musllinux_1_1_x86_64.whl", hash = "sha256:76322dcdb16fccf2ac56f99048af32259dcc488d9b7e25b51e5eca5147a3fb98"},
    {file = "numpy-2.1.2-cp313-cp313-musllinux_1_2_aarch64.whl", hash = "sha256:32e16a03138cabe0cb28e1007ee82264296ac0983714094380b408097a418cfe"},
    {file = "numpy-2.1.2-cp313-cp313-win32.whl", hash = "sha256:242b39d00e4944431a3cd2db2f5377e15b5785920421993770cddb89992c3f3a"},
    {file = "numpy-2.1.2-cp313-cp313-win_amd64.whl", hash = "sha256:f2ded8d9b6f68cc26f8425eda5d3877b47343e68ca23d0d0846f4d312ecaa445"},
    {file = "numpy-2.1.2-cp313-cp313t-macosx_10_13_x86_64.whl", hash = "sha256:2ffef621c14ebb0188a8633348504a35c13680d6da93ab5cb86f4e54b7e922b5"},
    {file = "numpy-2.1.2-cp313-cp313t-macosx_11_0_arm64.whl", hash = "sha256:ad369ed238b1959dfbade9018a740fb9392c5ac4f9b5173f420bd4f37ba1f7a0"},
    {file = "numpy-2.1.2-cp313-cp313t-macosx_14_0_arm64.whl", hash = "sha256:d82075752f40c0ddf57e6e02673a17f6cb0f8eb3f587f63ca1eaab5594da5b17"},
    {file = "numpy-2.1.2-cp313-cp313t-macosx_14_0_x86_64.whl", hash = "sha256:1600068c262af1ca9580a527d43dc9d959b0b1d8e56f8a05d830eea39b7c8af6"},
    {file = "numpy-2.1.2-cp313-cp313t-manylinux_2_17_aarch64.manylinux2014_aarch64.whl", hash = "sha256:a26ae94658d3ba3781d5e103ac07a876b3e9b29db53f68ed7df432fd033358a8"},
    {file = "numpy-2.1.2-cp313-cp313t-manylinux_2_17_x86_64.manylinux2014_x86_64.whl", hash = "sha256:13311c2db4c5f7609b462bc0f43d3c465424d25c626d95040f073e30f7570e35"},
    {file = "numpy-2.1.2-cp313-cp313t-musllinux_1_1_x86_64.whl", hash = "sha256:2abbf905a0b568706391ec6fa15161fad0fb5d8b68d73c461b3c1bab6064dd62"},
    {file = "numpy-2.1.2-cp313-cp313t-musllinux_1_2_aarch64.whl", hash = "sha256:ef444c57d664d35cac4e18c298c47d7b504c66b17c2ea91312e979fcfbdfb08a"},
    {file = "numpy-2.1.2-pp310-pypy310_pp73-macosx_10_15_x86_64.whl", hash = "sha256:bdd407c40483463898b84490770199d5714dcc9dd9b792f6c6caccc523c00952"},
    {file = "numpy-2.1.2-pp310-pypy310_pp73-macosx_14_0_x86_64.whl", hash = "sha256:da65fb46d4cbb75cb417cddf6ba5e7582eb7bb0b47db4b99c9fe5787ce5d91f5"},
    {file = "numpy-2.1.2-pp310-pypy310_pp73-manylinux_2_17_x86_64.manylinux2014_x86_64.whl", hash = "sha256:1c193d0b0238638e6fc5f10f1b074a6993cb13b0b431f64079a509d63d3aa8b7"},
    {file = "numpy-2.1.2-pp310-pypy310_pp73-win_amd64.whl", hash = "sha256:a7d80b2e904faa63068ead63107189164ca443b42dd1930299e0d1cb041cec2e"},
    {file = "numpy-2.1.2.tar.gz", hash = "sha256:13532a088217fa624c99b843eeb54640de23b3414b14aa66d023805eb731066c"},
]

[[package]]
name = "opencv-python"
version = "4.10.0.84"
description = "Wrapper package for OpenCV python bindings."
optional = false
python-versions = ">=3.6"
files = [
    {file = "opencv-python-4.10.0.84.tar.gz", hash = "sha256:72d234e4582e9658ffea8e9cae5b63d488ad06994ef12d81dc303b17472f3526"},
    {file = "opencv_python-4.10.0.84-cp37-abi3-macosx_11_0_arm64.whl", hash = "sha256:fc182f8f4cda51b45f01c64e4cbedfc2f00aff799debebc305d8d0210c43f251"},
    {file = "opencv_python-4.10.0.84-cp37-abi3-macosx_12_0_x86_64.whl", hash = "sha256:71e575744f1d23f79741450254660442785f45a0797212852ee5199ef12eed98"},
    {file = "opencv_python-4.10.0.84-cp37-abi3-manylinux_2_17_aarch64.manylinux2014_aarch64.whl", hash = "sha256:09a332b50488e2dda866a6c5573ee192fe3583239fb26ff2f7f9ceb0bc119ea6"},
    {file = "opencv_python-4.10.0.84-cp37-abi3-manylinux_2_17_x86_64.manylinux2014_x86_64.whl", hash = "sha256:9ace140fc6d647fbe1c692bcb2abce768973491222c067c131d80957c595b71f"},
    {file = "opencv_python-4.10.0.84-cp37-abi3-win32.whl", hash = "sha256:2db02bb7e50b703f0a2d50c50ced72e95c574e1e5a0bb35a8a86d0b35c98c236"},
    {file = "opencv_python-4.10.0.84-cp37-abi3-win_amd64.whl", hash = "sha256:32dbbd94c26f611dc5cc6979e6b7aa1f55a64d6b463cc1dcd3c95505a63e48fe"},
]

[package.dependencies]
numpy = {version = ">=1.26.0", markers = "python_version >= \"3.12\""}

[[package]]
name = "packaging"
version = "24.1"
description = "Core utilities for Python packages"
optional = false
python-versions = ">=3.8"
files = [
    {file = "packaging-24.1-py3-none-any.whl", hash = "sha256:5b8f2217dbdbd2f7f384c41c628544e6d52f2d0f53c6d0c3ea61aa5d1d7ff124"},
    {file = "packaging-24.1.tar.gz", hash = "sha256:026ed72c8ed3fcce5bf8950572258698927fd1dbda10a5e981cdf0ac37f4f002"},
]

[[package]]
name = "patchelf"
version = "0.17.2.1"
description = "A small utility to modify the dynamic linker and RPATH of ELF executables."
optional = false
python-versions = "*"
files = [
    {file = "patchelf-0.17.2.1-py2.py3-none-manylinux_2_17_aarch64.manylinux2014_aarch64.musllinux_1_1_aarch64.whl", hash = "sha256:fc329da0e8f628bd836dfb8eaf523547e342351fa8f739bf2b3fe4a6db5a297c"},
    {file = "patchelf-0.17.2.1-py2.py3-none-manylinux_2_17_armv7l.manylinux2014_armv7l.musllinux_1_1_armv7l.whl", hash = "sha256:ccb266a94edf016efe80151172c26cff8c2ec120a57a1665d257b0442784195d"},
    {file = "patchelf-0.17.2.1-py2.py3-none-manylinux_2_17_ppc64le.manylinux2014_ppc64le.musllinux_1_1_ppc64le.whl", hash = "sha256:f47b5bdd6885cfb20abdd14c707d26eb6f499a7f52e911865548d4aa43385502"},
    {file = "patchelf-0.17.2.1-py2.py3-none-manylinux_2_17_s390x.manylinux2014_s390x.musllinux_1_1_s390x.whl", hash = "sha256:a9e6ebb0874a11f7ed56d2380bfaa95f00612b23b15f896583da30c2059fcfa8"},
    {file = "patchelf-0.17.2.1-py2.py3-none-manylinux_2_5_i686.manylinux1_i686.musllinux_1_1_i686.whl", hash = "sha256:3c8d58f0e4c1929b1c7c45ba8da5a84a8f1aa6a82a46e1cfb2e44a4d40f350e5"},
    {file = "patchelf-0.17.2.1-py2.py3-none-manylinux_2_5_x86_64.manylinux1_x86_64.musllinux_1_1_x86_64.whl", hash = "sha256:d1a9bc0d4fd80c038523ebdc451a1cce75237cfcc52dbd1aca224578001d5927"},
    {file = "patchelf-0.17.2.1.tar.gz", hash = "sha256:a6eb0dd452ce4127d0d5e1eb26515e39186fa609364274bc1b0b77539cfa7031"},
]

[package.extras]
test = ["importlib-metadata", "pytest"]

[[package]]
name = "pefile"
version = "2024.8.26"
description = "Python PE parsing module"
optional = false
python-versions = ">=3.6.0"
files = [
    {file = "pefile-2024.8.26-py3-none-any.whl", hash = "sha256:76f8b485dcd3b1bb8166f1128d395fa3d87af26360c2358fb75b80019b957c6f"},
    {file = "pefile-2024.8.26.tar.gz", hash = "sha256:3ff6c5d8b43e8c37bb6e6dd5085658d658a7a0bdcd20b6a07b1fcfc1c4e9d632"},
]

[[package]]
name = "pyinstaller"
version = "6.10.0"
description = "PyInstaller bundles a Python application and all its dependencies into a single package."
optional = false
python-versions = "<3.14,>=3.8"
files = [
    {file = "pyinstaller-6.10.0-py3-none-macosx_10_13_universal2.whl", hash = "sha256:d60fb22859e11483af735aec115fdde09467cdbb29edd9844839f2c920b748c0"},
    {file = "pyinstaller-6.10.0-py3-none-manylinux2014_aarch64.whl", hash = "sha256:46d75359668993ddd98630a3669dc5249f3c446e35239b43bc7f4155bc574748"},
    {file = "pyinstaller-6.10.0-py3-none-manylinux2014_i686.whl", hash = "sha256:3398a98fa17d47ccb31f8779ecbdacec025f7adb2f22757a54b706ac8b4fe906"},
    {file = "pyinstaller-6.10.0-py3-none-manylinux2014_ppc64le.whl", hash = "sha256:e9989f354ae4ed8a3bec7bdb37ae0d170751d6520e500f049c7cd0632d31d5c3"},
    {file = "pyinstaller-6.10.0-py3-none-manylinux2014_s390x.whl", hash = "sha256:b7c90c91921b3749083115b28f30f40abf2bb481ceff196d2b2ce0eaa2b3d429"},
    {file = "pyinstaller-6.10.0-py3-none-manylinux2014_x86_64.whl", hash = "sha256:6cf876d7d93b8b4f28d1ad57fa24645cf43119c79e985dd5e5f7a801245e6f53"},
    {file = "pyinstaller-6.10.0-py3-none-musllinux_1_1_aarch64.whl", hash = "sha256:db05e3f2f10f9f78c56f1fb163d9cb453433429fe4281218ebaf1ebfd39ba942"},
    {file = "pyinstaller-6.10.0-py3-none-musllinux_1_1_x86_64.whl", hash = "sha256:28eca3817f176fdc19747e1afcf434f13bb9f17a644f611be2c5a61b1f498ed7"},
    {file = "pyinstaller-6.10.0-py3-none-win32.whl", hash = "sha256:703e041718987e46ba0568a2c71ecf2459fddef57cf9edf3efeed4a53e3dae3f"},
    {file = "pyinstaller-6.10.0-py3-none-win_amd64.whl", hash = "sha256:95b55966e563e8b8f31a43882aea10169e9a11fdf38e626d86a2907b640c0701"},
    {file = "pyinstaller-6.10.0-py3-none-win_arm64.whl", hash = "sha256:308e0a8670c9c9ac0cebbf1bbb492e71b6675606f2ec78bc4adfc830d209e087"},
    {file = "pyinstaller-6.10.0.tar.gz", hash = "sha256:143840f8056ff7b910bf8f16f6cd92cc10a6c2680bb76d0a25d558d543d21270"},
]

[package.dependencies]
altgraph = "*"
macholib = {version = ">=1.8", markers = "sys_platform == \"darwin\""}
packaging = ">=22.0"
pefile = {version = ">=2022.5.30", markers = "sys_platform == \"win32\""}
pyinstaller-hooks-contrib = ">=2024.8"
pywin32-ctypes = {version = ">=0.2.1", markers = "sys_platform == \"win32\""}
setuptools = ">=42.0.0"

[package.extras]
completion = ["argcomplete"]
hook-testing = ["execnet (>=1.5.0)", "psutil", "pytest (>=2.7.3)"]

[[package]]
name = "pyinstaller-hooks-contrib"
version = "2024.8"
description = "Community maintained hooks for PyInstaller"
optional = false
python-versions = ">=3.8"
files = [
    {file = "pyinstaller_hooks_contrib-2024.8-py3-none-any.whl", hash = "sha256:0057fe9a5c398d3f580e73e58793a1d4a8315ca91c3df01efea1c14ed557825a"},
    {file = "pyinstaller_hooks_contrib-2024.8.tar.gz", hash = "sha256:29b68d878ab739e967055b56a93eb9b58e529d5b054fbab7a2f2bacf80cef3e2"},
]

[package.dependencies]
packaging = ">=22.0"
setuptools = ">=42.0.0"

[[package]]
name = "pywin32-ctypes"
version = "0.2.3"
description = "A (partial) reimplementation of pywin32 using ctypes/cffi"
optional = false
python-versions = ">=3.6"
files = [
    {file = "pywin32-ctypes-0.2.3.tar.gz", hash = "sha256:d162dc04946d704503b2edc4d55f3dba5c1d539ead017afa00142c38b9885755"},
    {file = "pywin32_ctypes-0.2.3-py3-none-any.whl", hash = "sha256:8a1513379d709975552d202d942d9837758905c8d01eb82b8bcc30918929e7b8"},
]

[[package]]
name = "setuptools"
version = "75.1.0"
description = "Easily download, build, install, upgrade, and uninstall Python packages"
optional = false
python-versions = ">=3.8"
files = [
    {file = "setuptools-75.1.0-py3-none-any.whl", hash = "sha256:35ab7fd3bcd95e6b7fd704e4a1539513edad446c097797f2985e0e4b960772f2"},
    {file = "setuptools-75.1.0.tar.gz", hash = "sha256:d59a21b17a275fb872a9c3dae73963160ae079f1049ed956880cd7c09b120538"},
]

[package.extras]
check = ["pytest-checkdocs (>=2.4)", "pytest-ruff (>=0.2.1)", "ruff (>=0.5.2)"]
core = ["importlib-metadata (>=6)", "importlib-resources (>=5.10.2)", "jaraco.collections", "jaraco.functools", "jaraco.text (>=3.7)", "more-itertools", "more-itertools (>=8.8)", "packaging", "packaging (>=24)", "platformdirs (>=2.6.2)", "tomli (>=2.0.1)", "wheel (>=0.43.0)"]
cover = ["pytest-cov"]
doc = ["furo", "jaraco.packaging (>=9.3)", "jaraco.tidelift (>=1.4)", "pygments-github-lexers (==0.0.5)", "pyproject-hooks (!=1.1)", "rst.linker (>=1.9)", "sphinx (>=3.5)", "sphinx-favicon", "sphinx-inline-tabs", "sphinx-lint", "sphinx-notfound-page (>=1,<2)", "sphinx-reredirects", "sphinxcontrib-towncrier", "towncrier (<24.7)"]
enabler = ["pytest-enabler (>=2.2)"]
test = ["build[virtualenv] (>=1.0.3)", "filelock (>=3.4.0)", "ini2toml[lite] (>=0.14)", "jaraco.develop (>=7.21)", "jaraco.envs (>=2.2)", "jaraco.path (>=3.2.0)", "jaraco.test", "packaging (>=23.2)", "pip (>=19.1)", "pyproject-hooks (!=1.1)", "pytest (>=6,!=8.1.*)", "pytest-home (>=0.5)", "pytest-perf", "pytest-subprocess", "pytest-timeout", "pytest-xdist (>=3)", "tomli-w (>=1.0.0)", "virtualenv (>=13.0.0)", "wheel (>=0.44.0)"]
type = ["importlib-metadata (>=7.0.2)", "jaraco.develop (>=7.21)", "mypy (==1.11.*)", "pytest-mypy"]

[metadata]
lock-version = "2.0"
python-versions = ">=3.12,<3.14"
content-hash = "fef13811297305458159ace4ee652bfb202d4cf8c903950b90fca862ee28f9da"
